
Microsoft Visual Studio Solution File, Format Version 12.00
# Visual Studio Version 17
VisualStudioVersion = 17.2.32630.192
MinimumVisualStudioVersion = 10.0.40219.1
Project("{FAE04EC0-301F-11D3-BF4B-00C04F79EFBC}") = "DataLayer", "DataLayer\DataLayer.csproj", "{8F14DE18-6682-4C69-BB09-BB80A48B672F}"
EndProject
Project("{FAE04EC0-301F-11D3-BF4B-00C04F79EFBC}") = "WebApi", "WebApi\WebApi.csproj", "{89452E29-AE79-47C6-82A0-284203C762C6}"
EndProject
Project("{FAE04EC0-301F-11D3-BF4B-00C04F79EFBC}") = "WebClient", "WebClient\WebClient.csproj", "{BB7FB8D9-AFC8-4D4C-921E-AEA2038144DB}"
EndProject
Global
	GlobalSection(SolutionConfigurationPlatforms) = preSolution
		Debug|Any CPU = Debug|Any CPU
		Release|Any CPU = Release|Any CPU
	EndGlobalSection
	GlobalSection(ProjectConfigurationPlatforms) = postSolution
		{8F14DE18-6682-4C69-BB09-BB80A48B672F}.Debug|Any CPU.ActiveCfg = Debug|Any CPU
		{8F14DE18-6682-4C69-BB09-BB80A48B672F}.Debug|Any CPU.Build.0 = Debug|Any CPU
		{8F14DE18-6682-4C69-BB09-BB80A48B672F}.Release|Any CPU.ActiveCfg = Release|Any CPU
		{8F14DE18-6682-4C69-BB09-BB80A48B672F}.Release|Any CPU.Build.0 = Release|Any CPU
		{89452E29-AE79-47C6-82A0-284203C762C6}.Debug|Any CPU.ActiveCfg = Debug|Any CPU
		{89452E29-AE79-47C6-82A0-284203C762C6}.Debug|Any CPU.Build.0 = Debug|Any CPU
		{89452E29-AE79-47C6-82A0-284203C762C6}.Release|Any CPU.ActiveCfg = Release|Any CPU
		{89452E29-AE79-47C6-82A0-284203C762C6}.Release|Any CPU.Build.0 = Release|Any CPU
		{BB7FB8D9-AFC8-4D4C-921E-AEA2038144DB}.Debug|Any CPU.ActiveCfg = Debug|Any CPU
		{BB7FB8D9-AFC8-4D4C-921E-AEA2038144DB}.Debug|Any CPU.Build.0 = Debug|Any CPU
		{BB7FB8D9-AFC8-4D4C-921E-AEA2038144DB}.Release|Any CPU.ActiveCfg = Release|Any CPU
		{BB7FB8D9-AFC8-4D4C-921E-AEA2038144DB}.Release|Any CPU.Build.0 = Release|Any CPU
	EndGlobalSection
	GlobalSection(SolutionProperties) = preSolution
		HideSolutionNode = FALSE
	EndGlobalSection
	GlobalSection(ExtensibilityGlobals) = postSolution
		SolutionGuid = {8E0300EB-7738-42CB-9B5C-920EB6313409}
	EndGlobalSection
EndGlobal
